
Microsoft Visual Studio Solution File, Format Version 11.00
# Visual Studio 2010
Project("{FAE04EC0-301F-11D3-BF4B-00C04F79EFBC}") = "UnityEngine.TestRunner", "UnityEngine.TestRunner.csproj", "{e1d462b3-32c9-0b62-9a56-8f0d9b6a7363}"
EndProject
Project("{FAE04EC0-301F-11D3-BF4B-00C04F79EFBC}") = "Unity.VisualScripting.Flow", "Unity.VisualScripting.Flow.csproj", "{303eb4a1-5b26-b0cc-86e8-72c6a6fc850f}"
EndProject
Project("{FAE04EC0-301F-11D3-BF4B-00C04F79EFBC}") = "Unity.VisualScripting.State", "Unity.VisualScripting.State.csproj", "{8bd95e68-c53d-c904-6844-417016531881}"
EndProject
Project("{FAE04EC0-301F-11D3-BF4B-00C04F79EFBC}") = "Unity.VisualScripting.Core", "Unity.VisualScripting.Core.csproj", "{04db1542-759a-2349-dccb-5c766da02a86}"
EndProject
Project("{FAE04EC0-301F-11D3-BF4B-00C04F79EFBC}") = "Unity.TextMeshPro", "Unity.TextMeshPro.csproj", "{8c0617e9-7ed2-3dd6-fbe7-0f1cb2359e6c}"
EndProject
Project("{FAE04EC0-301F-11D3-BF4B-00C04F79EFBC}") = "Unity.Timeline", "Unity.Timeline.csproj", "{83509f5c-637b-d440-65f5-0b969e5d671b}"
EndProject
Project("{FAE04EC0-301F-11D3-BF4B-00C04F79EFBC}") = "Assembly-CSharp", "Assembly-CSharp.csproj", "{67f29f5b-5f00-bfa3-219e-feae2d8c894f}"
EndProject
Project("{FAE04EC0-301F-11D3-BF4B-00C04F79EFBC}") = "Unity.PlasticSCM.Editor", "Unity.PlasticSCM.Editor.csproj", "{e8a6eaf5-22b6-2589-1e55-d7999f06272e}"
EndProject
Project("{FAE04EC0-301F-11D3-BF4B-00C04F79EFBC}") = "Unity.VisualScripting.Core.Editor", "Unity.VisualScripting.Core.Editor.csproj", "{52979a30-79e2-2bc0-fffb-a1f4c67b6140}"
EndProject
Project("{FAE04EC0-301F-11D3-BF4B-00C04F79EFBC}") = "Unity.VisualScripting.Flow.Editor", "Unity.VisualScripting.Flow.Editor.csproj", "{ce3eb43d-0115-835c-0c35-912c75e0377e}"
EndProject
Project("{FAE04EC0-301F-11D3-BF4B-00C04F79EFBC}") = "Unity.VisualStudio.Editor", "Unity.VisualStudio.Editor.csproj", "{8941f084-7915-d33d-cc6b-8a843303ff24}"
EndProject
Project("{FAE04EC0-301F-11D3-BF4B-00C04F79EFBC}") = "Unity.Timeline.Editor", "Unity.Timeline.Editor.csproj", "{5088bdc6-82c8-af1d-0b08-3f8a02859e17}"
EndProject
Project("{FAE04EC0-301F-11D3-BF4B-00C04F79EFBC}") = "Unity.VisualScripting.State.Editor", "Unity.VisualScripting.State.Editor.csproj", "{b3c91a49-5992-32c4-4389-e3cf43615b40}"
EndProject
Project("{FAE04EC0-301F-11D3-BF4B-00C04F79EFBC}") = "Unity.TextMeshPro.Editor", "Unity.TextMeshPro.Editor.csproj", "{b6b0e2cf-66f7-d0df-18e3-41b175f9f015}"
EndProject
Project("{FAE04EC0-301F-11D3-BF4B-00C04F79EFBC}") = "Unity.VisualScripting.SettingsProvider.Editor", "Unity.VisualScripting.SettingsProvider.Editor.csproj", "{34766112-2abf-2e53-27d9-5aa7024d2101}"
EndProject
Project("{FAE04EC0-301F-11D3-BF4B-00C04F79EFBC}") = "UnityEditor.TestRunner", "UnityEditor.TestRunner.csproj", "{1d30e98d-7239-2f77-2756-2c13a7b15278}"
EndProject
Project("{FAE04EC0-301F-11D3-BF4B-00C04F79EFBC}") = "Unity.TestTools.CodeCoverage.Editor", "Unity.TestTools.CodeCoverage.Editor.csproj", "{85a82642-b07e-81da-d4d3-2d88ef75321b}"
EndProject
Project("{FAE04EC0-301F-11D3-BF4B-00C04F79EFBC}") = "Unity.Rider.Editor", "Unity.Rider.Editor.csproj", "{f7dc0242-1430-1a6e-baf5-116440acd488}"
EndProject
Project("{FAE04EC0-301F-11D3-BF4B-00C04F79EFBC}") = "Unity.Performance.Profile-Analyzer.Editor", "Unity.Performance.Profile-Analyzer.Editor.csproj", "{6fc5c857-897f-809d-8a96-694d9337bd7f}"
EndProject
Project("{FAE04EC0-301F-11D3-BF4B-00C04F79EFBC}") = "Unity.VSCode.Editor", "Unity.VSCode.Editor.csproj", "{3fab8b67-ef54-2447-c44b-12a1c8283d24}"
EndProject
Project("{FAE04EC0-301F-11D3-BF4B-00C04F79EFBC}") = "Unity.TestTools.CodeCoverage.Editor.OpenCover.Model", "Unity.TestTools.CodeCoverage.Editor.OpenCover.Model.csproj", "{5ff4717e-9855-a603-379e-367940f4ef28}"
EndProject
Project("{FAE04EC0-301F-11D3-BF4B-00C04F79EFBC}") = "Unity.EditorCoroutines.Editor", "Unity.EditorCoroutines.Editor.csproj", "{40e27ff0-06c5-72bf-c1a2-3dc3a2d5fbdb}"
EndProject
Project("{FAE04EC0-301F-11D3-BF4B-00C04F79EFBC}") = "Unity.Settings.Editor", "Unity.Settings.Editor.csproj", "{51a90d1d-1fee-520e-eef0-aeb01d605b40}"
EndProject
Project("{FAE04EC0-301F-11D3-BF4B-00C04F79EFBC}") = "Unity.CollabProxy.Editor", "Unity.CollabProxy.Editor.csproj", "{89035de6-e8bc-cb7e-036a-c1f8b6ce8e2a}"
EndProject
Project("{FAE04EC0-301F-11D3-BF4B-00C04F79EFBC}") = "Unity.TestTools.CodeCoverage.Editor.OpenCover.Mono.Reflection", "Unity.TestTools.CodeCoverage.Editor.OpenCover.Mono.Reflection.csproj", "{8b98d942-6b0c-c802-a0c3-0cc7744be490}"
EndProject
Project("{FAE04EC0-301F-11D3-BF4B-00C04F79EFBC}") = "Unity.VisualScripting.Shared.Editor", "Unity.VisualScripting.Shared.Editor.csproj", "{d9563498-972e-969a-42f2-9b6cbf40bcab}"
EndProject
Project("{FAE04EC0-301F-11D3-BF4B-00C04F79EFBC}") = "Unity.TextMeshPro.Tests", "Unity.TextMeshPro.Tests.csproj", "{c64012c9-474e-0090-7fd1-2076c633e364}"
EndProject
Project("{FAE04EC0-301F-11D3-BF4B-00C04F79EFBC}") = "DocCodeExamples", "DocCodeExamples.csproj", "{1f93e4d7-a962-6125-4d75-892124b7d07d}"
EndProject
Project("{FAE04EC0-301F-11D3-BF4B-00C04F79EFBC}") = "Unity.TestTools.CodeCoverage.Editor.Compatibility", "Unity.TestTools.CodeCoverage.Editor.Compatibility.csproj", "{14ec1b81-f323-91b9-671f-13b910455318}"
EndProject
Project("{FAE04EC0-301F-11D3-BF4B-00C04F79EFBC}") = "Unity.TextMeshPro.Editor.Tests", "Unity.TextMeshPro.Editor.Tests.csproj", "{cdd16b27-d1e7-a8c8-23f8-120346ee6f4b}"
EndProject
Project("{FAE04EC0-301F-11D3-BF4B-00C04F79EFBC}") = "Unity.Settings.Tests", "Unity.Settings.Tests.csproj", "{599c6969-559b-3384-7950-49bd70ba0840}"
EndProject
Project("{FAE04EC0-301F-11D3-BF4B-00C04F79EFBC}") = "Unity.Performance.Profile-Analyzer.EditorTests", "Unity.Performance.Profile-Analyzer.EditorTests.csproj", "{fe4cc247-2c47-5c3c-a945-cfb3c9b2deda}"
EndProject
Global
	GlobalSection(SolutionConfigurationPlatforms) = preSolution
		Debug|Any CPU = Debug|Any CPU
	EndGlobalSection
	GlobalSection(ProjectConfigurationPlatforms) = postSolution
		{e1d462b3-32c9-0b62-9a56-8f0d9b6a7363}.Debug|Any CPU.ActiveCfg = Debug|Any CPU
		{e1d462b3-32c9-0b62-9a56-8f0d9b6a7363}.Debug|Any CPU.Build.0 = Debug|Any CPU
		{303eb4a1-5b26-b0cc-86e8-72c6a6fc850f}.Debug|Any CPU.ActiveCfg = Debug|Any CPU
		{303eb4a1-5b26-b0cc-86e8-72c6a6fc850f}.Debug|Any CPU.Build.0 = Debug|Any CPU
		{8bd95e68-c53d-c904-6844-417016531881}.Debug|Any CPU.ActiveCfg = Debug|Any CPU
		{8bd95e68-c53d-c904-6844-417016531881}.Debug|Any CPU.Build.0 = Debug|Any CPU
		{04db1542-759a-2349-dccb-5c766da02a86}.Debug|Any CPU.ActiveCfg = Debug|Any CPU
		{04db1542-759a-2349-dccb-5c766da02a86}.Debug|Any CPU.Build.0 = Debug|Any CPU
		{8c0617e9-7ed2-3dd6-fbe7-0f1cb2359e6c}.Debug|Any CPU.ActiveCfg = Debug|Any CPU
		{8c0617e9-7ed2-3dd6-fbe7-0f1cb2359e6c}.Debug|Any CPU.Build.0 = Debug|Any CPU
		{83509f5c-637b-d440-65f5-0b969e5d671b}.Debug|Any CPU.ActiveCfg = Debug|Any CPU
		{83509f5c-637b-d440-65f5-0b969e5d671b}.Debug|Any CPU.Build.0 = Debug|Any CPU
		{67f29f5b-5f00-bfa3-219e-feae2d8c894f}.Debug|Any CPU.ActiveCfg = Debug|Any CPU
		{67f29f5b-5f00-bfa3-219e-feae2d8c894f}.Debug|Any CPU.Build.0 = Debug|Any CPU
		{e8a6eaf5-22b6-2589-1e55-d7999f06272e}.Debug|Any CPU.ActiveCfg = Debug|Any CPU
		{e8a6eaf5-22b6-2589-1e55-d7999f06272e}.Debug|Any CPU.Build.0 = Debug|Any CPU
		{52979a30-79e2-2bc0-fffb-a1f4c67b6140}.Debug|Any CPU.ActiveCfg = Debug|Any CPU
		{52979a30-79e2-2bc0-fffb-a1f4c67b6140}.Debug|Any CPU.Build.0 = Debug|Any CPU
		{ce3eb43d-0115-835c-0c35-912c75e0377e}.Debug|Any CPU.ActiveCfg = Debug|Any CPU
		{ce3eb43d-0115-835c-0c35-912c75e0377e}.Debug|Any CPU.Build.0 = Debug|Any CPU
		{8941f084-7915-d33d-cc6b-8a843303ff24}.Debug|Any CPU.ActiveCfg = Debug|Any CPU
		{8941f084-7915-d33d-cc6b-8a843303ff24}.Debug|Any CPU.Build.0 = Debug|Any CPU
		{5088bdc6-82c8-af1d-0b08-3f8a02859e17}.Debug|Any CPU.ActiveCfg = Debug|Any CPU
		{5088bdc6-82c8-af1d-0b08-3f8a02859e17}.Debug|Any CPU.Build.0 = Debug|Any CPU
		{b3c91a49-5992-32c4-4389-e3cf43615b40}.Debug|Any CPU.ActiveCfg = Debug|Any CPU
		{b3c91a49-5992-32c4-4389-e3cf43615b40}.Debug|Any CPU.Build.0 = Debug|Any CPU
		{b6b0e2cf-66f7-d0df-18e3-41b175f9f015}.Debug|Any CPU.ActiveCfg = Debug|Any CPU
		{b6b0e2cf-66f7-d0df-18e3-41b175f9f015}.Debug|Any CPU.Build.0 = Debug|Any CPU
		{34766112-2abf-2e53-27d9-5aa7024d2101}.Debug|Any CPU.ActiveCfg = Debug|Any CPU
		{34766112-2abf-2e53-27d9-5aa7024d2101}.Debug|Any CPU.Build.0 = Debug|Any CPU
		{1d30e98d-7239-2f77-2756-2c13a7b15278}.Debug|Any CPU.ActiveCfg = Debug|Any CPU
		{1d30e98d-7239-2f77-2756-2c13a7b15278}.Debug|Any CPU.Build.0 = Debug|Any CPU
		{85a82642-b07e-81da-d4d3-2d88ef75321b}.Debug|Any CPU.ActiveCfg = Debug|Any CPU
		{85a82642-b07e-81da-d4d3-2d88ef75321b}.Debug|Any CPU.Build.0 = Debug|Any CPU
		{f7dc0242-1430-1a6e-baf5-116440acd488}.Debug|Any CPU.ActiveCfg = Debug|Any CPU
		{f7dc0242-1430-1a6e-baf5-116440acd488}.Debug|Any CPU.Build.0 = Debug|Any CPU
		{6fc5c857-897f-809d-8a96-694d9337bd7f}.Debug|Any CPU.ActiveCfg = Debug|Any CPU
		{6fc5c857-897f-809d-8a96-694d9337bd7f}.Debug|Any CPU.Build.0 = Debug|Any CPU
		{3fab8b67-ef54-2447-c44b-12a1c8283d24}.Debug|Any CPU.ActiveCfg = Debug|Any CPU
		{3fab8b67-ef54-2447-c44b-12a1c8283d24}.Debug|Any CPU.Build.0 = Debug|Any CPU
		{5ff4717e-9855-a603-379e-367940f4ef28}.Debug|Any CPU.ActiveCfg = Debug|Any CPU
		{5ff4717e-9855-a603-379e-367940f4ef28}.Debug|Any CPU.Build.0 = Debug|Any CPU
		{40e27ff0-06c5-72bf-c1a2-3dc3a2d5fbdb}.Debug|Any CPU.ActiveCfg = Debug|Any CPU
		{40e27ff0-06c5-72bf-c1a2-3dc3a2d5fbdb}.Debug|Any CPU.Build.0 = Debug|Any CPU
		{51a90d1d-1fee-520e-eef0-aeb01d605b40}.Debug|Any CPU.ActiveCfg = Debug|Any CPU
		{51a90d1d-1fee-520e-eef0-aeb01d605b40}.Debug|Any CPU.Build.0 = Debug|Any CPU
		{89035de6-e8bc-cb7e-036a-c1f8b6ce8e2a}.Debug|Any CPU.ActiveCfg = Debug|Any CPU
		{89035de6-e8bc-cb7e-036a-c1f8b6ce8e2a}.Debug|Any CPU.Build.0 = Debug|Any CPU
		{8b98d942-6b0c-c802-a0c3-0cc7744be490}.Debug|Any CPU.ActiveCfg = Debug|Any CPU
		{8b98d942-6b0c-c802-a0c3-0cc7744be490}.Debug|Any CPU.Build.0 = Debug|Any CPU
		{d9563498-972e-969a-42f2-9b6cbf40bcab}.Debug|Any CPU.ActiveCfg = Debug|Any CPU
		{d9563498-972e-969a-42f2-9b6cbf40bcab}.Debug|Any CPU.Build.0 = Debug|Any CPU
		{c64012c9-474e-0090-7fd1-2076c633e364}.Debug|Any CPU.ActiveCfg = Debug|Any CPU
		{c64012c9-474e-0090-7fd1-2076c633e364}.Debug|Any CPU.Build.0 = Debug|Any CPU
		{1f93e4d7-a962-6125-4d75-892124b7d07d}.Debug|Any CPU.ActiveCfg = Debug|Any CPU
		{1f93e4d7-a962-6125-4d75-892124b7d07d}.Debug|Any CPU.Build.0 = Debug|Any CPU
		{14ec1b81-f323-91b9-671f-13b910455318}.Debug|Any CPU.ActiveCfg = Debug|Any CPU
		{14ec1b81-f323-91b9-671f-13b910455318}.Debug|Any CPU.Build.0 = Debug|Any CPU
		{cdd16b27-d1e7-a8c8-23f8-120346ee6f4b}.Debug|Any CPU.ActiveCfg = Debug|Any CPU
		{cdd16b27-d1e7-a8c8-23f8-120346ee6f4b}.Debug|Any CPU.Build.0 = Debug|Any CPU
		{599c6969-559b-3384-7950-49bd70ba0840}.Debug|Any CPU.ActiveCfg = Debug|Any CPU
		{599c6969-559b-3384-7950-49bd70ba0840}.Debug|Any CPU.Build.0 = Debug|Any CPU
		{fe4cc247-2c47-5c3c-a945-cfb3c9b2deda}.Debug|Any CPU.ActiveCfg = Debug|Any CPU
		{fe4cc247-2c47-5c3c-a945-cfb3c9b2deda}.Debug|Any CPU.Build.0 = Debug|Any CPU
	EndGlobalSection
	GlobalSection(SolutionProperties) = preSolution
		HideSolutionNode = FALSE
	EndGlobalSection
EndGlobal
